
Microsoft Visual Studio Solution File, Format Version 12.00
# Visual Studio Version 17
VisualStudioVersion = 17.1.32328.378
MinimumVisualStudioVersion = 10.0.40219.1
Project("{FAE04EC0-301F-11D3-BF4B-00C04F79EFBC}") = "Exercise", "Exercise\Exercise.csproj", "{DBF449DA-6847-4B68-9F51-4C1A40C07888}"
EndProject
Global
	GlobalSection(SolutionConfigurationPlatforms) = preSolution
		Debug|Any CPU = Debug|Any CPU
		Release|Any CPU = Release|Any CPU
	EndGlobalSection
	GlobalSection(ProjectConfigurationPlatforms) = postSolution
		{DBF449DA-6847-4B68-9F51-4C1A40C07888}.Debug|Any CPU.ActiveCfg = Debug|Any CPU
		{DBF449DA-6847-4B68-9F51-4C1A40C07888}.Debug|Any CPU.Build.0 = Debug|Any CPU
		{DBF449DA-6847-4B68-9F51-4C1A40C07888}.Release|Any CPU.ActiveCfg = Release|Any CPU
		{DBF449DA-6847-4B68-9F51-4C1A40C07888}.Release|Any CPU.Build.0 = Release|Any CPU
	EndGlobalSection
	GlobalSection(SolutionProperties) = preSolution
		HideSolutionNode = FALSE
	EndGlobalSection
	GlobalSection(ExtensibilityGlobals) = postSolution
		SolutionGuid = {AEB6E134-8949-4553-922F-5F3EAB1A4504}
	EndGlobalSection
EndGlobal
